{
  "name": "hilbert-information-lab-frontend",
  "version": "1.0.0",
  "lockfileVersion": 3,
  "requires": true,
  "packages": {
    "": {
      "name": "hilbert-information-lab-frontend",
      "version": "1.0.0",
      "private": true,
      "dependencies": {
        "axios": "^1.6.7",
        "react": "^18.2.0",
        "react-dom": "^18.2.0",
        "chart.js": "^4.5.1",
        "class-variance-authority": "^0.7.1",
        "lucide-react": "^0.552.0",
        "react-chartjs-2": "^5.3.1",
        "react-force-graph-2d": "^1.29.0",
        "react-grid-layout": "^1.5.2",
        "react-resizable": "^3.0.5",
        "recharts": "^2.10.4",
        "tailwind-merge": "^3.4.0",
        "three": "^0.181.0",
        "react-router-dom": "^6.26.2",
        "d3": "^7.9.0",
        "plotly.js": "^2.35.2",
        "react-plotly.js": "^2.6.0",
        "clsx": "^2.1.1",
        "lodash": "^4.17.21",
        "zustand": "^4.5.4",
        "immer": "^10.1.1",
        "tailwindcss": "^3.4.15"
      },
      "devDependencies": {
        "vite": "^5.2.0",
        "@vitejs/plugin-react": "^4.2.0",
        "postcss": "^8.5.6",
        "autoprefixer": "^10.4.20",
        "eslint": "^8.0.0",
        "eslint-plugin-react": "^7.37.0",
        "eslint-plugin-react-hooks": "^4.6.0"
      }
    }
  },
  "dependencies": {
    "axios": {
      "version": "^1.6.7",
      "requires": {}
    },
    "react": {
      "version": "^18.2.0",
      "requires": {}
    },
    "react-dom": {
      "version": "^18.2.0",
      "requires": {}
    },
    "chart.js": {
      "version": "^4.5.1",
      "requires": {}
    },
    "class-variance-authority": {
      "version": "^0.7.1",
      "requires": {}
    },
    "lucide-react": {
      "version": "^0.552.0",
      "requires": {}
    },
    "react-chartjs-2": {
      "version": "^5.3.1",
      "requires": {}
    },
    "react-force-graph-2d": {
      "version": "^1.29.0",
      "requires": {}
    },
    "react-grid-layout": {
      "version": "^1.5.2",
      "requires": {}
    },
    "react-resizable": {
      "version": "^3.0.5",
      "requires": {}
    },
    "recharts": {
      "version": "^2.10.4",
      "requires": {}
    },
    "tailwind-merge": {
      "version": "^3.4.0",
      "requires": {}
    },
    "three": {
      "version": "^0.181.0",
      "requires": {}
    },
    "react-router-dom": {
      "version": "^6.26.2",
      "requires": {}
    },
    "d3": {
      "version": "^7.9.0",
      "requires": {}
    },
    "plotly.js": {
      "version": "^2.35.2",
      "requires": {}
    },
    "react-plotly.js": {
      "version": "^2.6.0",
      "requires": {}
    },
    "clsx": {
      "version": "^2.1.1",
      "requires": {}
    },
    "lodash": {
      "version": "^4.17.21",
      "requires": {}
    },
    "zustand": {
      "version": "^4.5.4",
      "requires": {}
    },
    "immer": {
      "version": "^10.1.1",
      "requires": {}
    },
    "tailwindcss": {
      "version": "^3.4.15",
      "requires": {}
    },
    "vite": {
      "version": "^5.2.0",
      "dev": true,
      "requires": {}
    },
    "@vitejs/plugin-react": {
      "version": "^4.2.0",
      "dev": true,
      "requires": {}
    },
    "postcss": {
      "version": "^8.5.6",
      "dev": true,
      "requires": {}
    },
    "autoprefixer": {
      "version": "^10.4.20",
      "dev": true,
      "requires": {}
    },
    "eslint": {
      "version": "^8.0.0",
      "dev": true,
      "requires": {}
    },
    "eslint-plugin-react": {
      "version": "^7.37.0",
      "dev": true,
      "requires": {}
    },
    "eslint-plugin-react-hooks": {
      "version": "^4.6.0",
      "dev": true,
      "requires": {}
    }
  }
}
