permissions:
  contents: write

jobs:
  generate-lockfile:
    runs-on: ubuntu-latest

    steps:
      - uses: actions/checkout@v4
        with:
          fetch-depth: 0   # IMPORTANT: allows rebase

      - uses: actions/setup-node@v4
        with:
          node-version: 20

      - name: Install dependencies
        working-directory: frontend
        run: |
          rm -f package-lock.json
          npm install

      - name: Commit lockfile
        run: |
          git config user.email "github-actions@github.com"
          git config user.name "GitHub Actions"

          git add frontend/package-lock.json
          git commit -m "Auto-generate package-lock.json" || echo "No changes"

          git pull --rebase origin main || true
          git push origin main
